// !$*UTF8*$!
{
	archiveVersion = 1;
	classes = {
	};
	objectVersion = 46;
	objects = {

/* Begin PBXBuildFile section */
		7BD150E11BD7592D006702F1 /* AppDelegate.swift in Sources */ = {isa = PBXBuildFile; fileRef = 7BD150E01BD7592D006702F1 /* AppDelegate.swift */; };
		7BD150E31BD7592D006702F1 /* ViewController.swift in Sources */ = {isa = PBXBuildFile; fileRef = 7BD150E21BD7592D006702F1 /* ViewController.swift */; };
		7BD150E61BD7592D006702F1 /* Main.storyboard in Resources */ = {isa = PBXBuildFile; fileRef = 7BD150E41BD7592D006702F1 /* Main.storyboard */; };
		7BD150E81BD7592D006702F1 /* Assets.xcassets in Resources */ = {isa = PBXBuildFile; fileRef = 7BD150E71BD7592D006702F1 /* Assets.xcassets */; };
		7BD150EB1BD7592D006702F1 /* LaunchScreen.storyboard in Resources */ = {isa = PBXBuildFile; fileRef = 7BD150E91BD7592D006702F1 /* LaunchScreen.storyboard */; };
		7BD150F61BD7592D006702F1 /* Pizza2Tests.swift in Sources */ = {isa = PBXBuildFile; fileRef = 7BD150F51BD7592D006702F1 /* Pizza2Tests.swift */; };
		7BD151011BD7592D006702F1 /* Pizza2UITests.swift in Sources */ = {isa = PBXBuildFile; fileRef = 7BD151001BD7592D006702F1 /* Pizza2UITests.swift */; };
		7BD151111BD75AD4006702F1 /* SWRevealViewController.m in Sources */ = {isa = PBXBuildFile; fileRef = 7BD151101BD75AD4006702F1 /* SWRevealViewController.m */; settings = {ASSET_TAGS = (); }; };
		7BD151131BD761F6006702F1 /* BackTableVC.swift in Sources */ = {isa = PBXBuildFile; fileRef = 7BD151121BD761F6006702F1 /* BackTableVC.swift */; settings = {ASSET_TAGS = (); }; };
/* End PBXBuildFile section */

/* Begin PBXContainerItemProxy section */
		7BD150F21BD7592D006702F1 /* PBXContainerItemProxy */ = {
			isa = PBXContainerItemProxy;
			containerPortal = 7BD150D51BD7592D006702F1 /* Project object */;
			proxyType = 1;
			remoteGlobalIDString = 7BD150DC1BD7592D006702F1;
			remoteInfo = Pizza2;
		};
		7BD150FD1BD7592D006702F1 /* PBXContainerItemProxy */ = {
			isa = PBXContainerItemProxy;
			containerPortal = 7BD150D51BD7592D006702F1 /* Project object */;
			proxyType = 1;
			remoteGlobalIDString = 7BD150DC1BD7592D006702F1;
			remoteInfo = Pizza2;
		};
/* End PBXContainerItemProxy section */

/* Begin PBXFileReference section */
		7BD150DD1BD7592D006702F1 /* Pizza2.app */ = {isa = PBXFileReference; explicitFileType = wrapper.application; includeInIndex = 0; path = Pizza2.app; sourceTree = BUILT_PRODUCTS_DIR; };
		7BD150E01BD7592D006702F1 /* AppDelegate.swift */ = {isa = PBXFileReference; lastKnownFileType = sourcecode.swift; path = AppDelegate.swift; sourceTree = "<group>"; };
		7BD150E21BD7592D006702F1 /* ViewController.swift */ = {isa = PBXFileReference; lastKnownFileType = sourcecode.swift; path = ViewController.swift; sourceTree = "<group>"; };
		7BD150E51BD7592D006702F1 /* Base */ = {isa = PBXFileReference; lastKnownFileType = file.storyboard; name = Base; path = Base.lproj/Main.storyboard; sourceTree = "<group>"; };
		7BD150E71BD7592D006702F1 /* Assets.xcassets */ = {isa = PBXFileReference; lastKnownFileType = folder.assetcatalog; path = Assets.xcassets; sourceTree = "<group>"; };
		7BD150EA1BD7592D006702F1 /* Base */ = {isa = PBXFileReference; lastKnownFileType = file.storyboard; name = Base; path = Base.lproj/LaunchScreen.storyboard; sourceTree = "<group>"; };
		7BD150EC1BD7592D006702F1 /* Info.plist */ = {isa = PBXFileReference; lastKnownFileType = text.plist.xml; path = Info.plist; sourceTree = "<group>"; };
		7BD150F11BD7592D006702F1 /* Pizza2Tests.xctest */ = {isa = PBXFileReference; explicitFileType = wrapper.cfbundle; includeInIndex = 0; path = Pizza2Tests.xctest; sourceTree = BUILT_PRODUCTS_DIR; };
		7BD150F51BD7592D006702F1 /* Pizza2Tests.swift */ = {isa = PBXFileReference; lastKnownFileType = sourcecode.swift; path = Pizza2Tests.swift; sourceTree = "<group>"; };
		7BD150F71BD7592D006702F1 /* Info.plist */ = {isa = PBXFileReference; lastKnownFileType = text.plist.xml; path = Info.plist; sourceTree = "<group>"; };
		7BD150FC1BD7592D006702F1 /* Pizza2UITests.xctest */ = {isa = PBXFileReference; explicitFileType = wrapper.cfbundle; includeInIndex = 0; path = Pizza2UITests.xctest; sourceTree = BUILT_PRODUCTS_DIR; };
		7BD151001BD7592D006702F1 /* Pizza2UITests.swift */ = {isa = PBXFileReference; lastKnownFileType = sourcecode.swift; path = Pizza2UITests.swift; sourceTree = "<group>"; };
		7BD151021BD7592D006702F1 /* Info.plist */ = {isa = PBXFileReference; lastKnownFileType = text.plist.xml; path = Info.plist; sourceTree = "<group>"; };
		7BD1510E1BD75AD3006702F1 /* Pizza2-Bridging-Header.h */ = {isa = PBXFileReference; lastKnownFileType = sourcecode.c.h; path = "Pizza2-Bridging-Header.h"; sourceTree = "<group>"; };
		7BD1510F1BD75AD4006702F1 /* SWRevealViewController.h */ = {isa = PBXFileReference; fileEncoding = 4; lastKnownFileType = sourcecode.c.h; path = SWRevealViewController.h; sourceTree = "<group>"; };
		7BD151101BD75AD4006702F1 /* SWRevealViewController.m */ = {isa = PBXFileReference; fileEncoding = 4; lastKnownFileType = sourcecode.c.objc; path = SWRevealViewController.m; sourceTree = "<group>"; };
		7BD151121BD761F6006702F1 /* BackTableVC.swift */ = {isa = PBXFileReference; fileEncoding = 4; lastKnownFileType = sourcecode.swift; path = BackTableVC.swift; sourceTree = "<group>"; };
/* End PBXFileReference section */

/* Begin PBXFrameworksBuildPhase section */
		7BD150DA1BD7592D006702F1 /* Frameworks */ = {
			isa = PBXFrameworksBuildPhase;
			buildActionMask = 2147483647;
			files = (
			);
			runOnlyForDeploymentPostprocessing = 0;
		};
		7BD150EE1BD7592D006702F1 /* Frameworks */ = {
			isa = PBXFrameworksBuildPhase;
			buildActionMask = 2147483647;
			files = (
			);
			runOnlyForDeploymentPostprocessing = 0;
		};
		7BD150F91BD7592D006702F1 /* Frameworks */ = {
			isa = PBXFrameworksBuildPhase;
			buildActionMask = 2147483647;
			files = (
			);
			runOnlyForDeploymentPostprocessing = 0;
		};
/* End PBXFrameworksBuildPhase section */

/* Begin PBXGroup section */
		7BD150D41BD7592D006702F1 = {
			isa = PBXGroup;
			children = (
				7BD150DF1BD7592D006702F1 /* Pizza2 */,
				7BD150F41BD7592D006702F1 /* Pizza2Tests */,
				7BD150FF1BD7592D006702F1 /* Pizza2UITests */,
				7BD150DE1BD7592D006702F1 /* Products */,
			);
			sourceTree = "<group>";
		};
		7BD150DE1BD7592D006702F1 /* Products */ = {
			isa = PBXGroup;
			children = (
				7BD150DD1BD7592D006702F1 /* Pizza2.app */,
				7BD150F11BD7592D006702F1 /* Pizza2Tests.xctest */,
				7BD150FC1BD7592D006702F1 /* Pizza2UITests.xctest */,
			);
			name = Products;
			sourceTree = "<group>";
		};
		7BD150DF1BD7592D006702F1 /* Pizza2 */ = {
			isa = PBXGroup;
			children = (
				7BD150E01BD7592D006702F1 /* AppDelegate.swift */,
				7BD150E21BD7592D006702F1 /* ViewController.swift */,
				7BD150E41BD7592D006702F1 /* Main.storyboard */,
				7BD151121BD761F6006702F1 /* BackTableVC.swift */,
				7BD150E71BD7592D006702F1 /* Assets.xcassets */,
				7BD150E91BD7592D006702F1 /* LaunchScreen.storyboard */,
				7BD150EC1BD7592D006702F1 /* Info.plist */,
				7BD1510F1BD75AD4006702F1 /* SWRevealViewController.h */,
				7BD151101BD75AD4006702F1 /* SWRevealViewController.m */,
				7BD1510E1BD75AD3006702F1 /* Pizza2-Bridging-Header.h */,
			);
			path = Pizza2;
			sourceTree = "<group>";
		};
		7BD150F41BD7592D006702F1 /* Pizza2Tests */ = {
			isa = PBXGroup;
			children = (
				7BD150F51BD7592D006702F1 /* Pizza2Tests.swift */,
				7BD150F71BD7592D006702F1 /* Info.plist */,
			);
			path = Pizza2Tests;
			sourceTree = "<group>";
		};
		7BD150FF1BD7592D006702F1 /* Pizza2UITests */ = {
			isa = PBXGroup;
			children = (
				7BD151001BD7592D006702F1 /* Pizza2UITests.swift */,
				7BD151021BD7592D006702F1 /* Info.plist */,
			);
			path = Pizza2UITests;
			sourceTree = "<group>";
		};
/* End PBXGroup section */

/* Begin PBXNativeTarget section */
		7BD150DC1BD7592D006702F1 /* Pizza2 */ = {
			isa = PBXNativeTarget;
			buildConfigurationList = 7BD151051BD7592D006702F1 /* Build configuration list for PBXNativeTarget "Pizza2" */;
			buildPhases = (
				7BD150D91BD7592D006702F1 /* Sources */,
				7BD150DA1BD7592D006702F1 /* Frameworks */,
				7BD150DB1BD7592D006702F1 /* Resources */,
			);
			buildRules = (
			);
			dependencies = (
			);
			name = Pizza2;
			productName = Pizza2;
			productReference = 7BD150DD1BD7592D006702F1 /* Pizza2.app */;
			productType = "com.apple.product-type.application";
		};
		7BD150F01BD7592D006702F1 /* Pizza2Tests */ = {
			isa = PBXNativeTarget;
			buildConfigurationList = 7BD151081BD7592D006702F1 /* Build configuration list for PBXNativeTarget "Pizza2Tests" */;
			buildPhases = (
				7BD150ED1BD7592D006702F1 /* Sources */,
				7BD150EE1BD7592D006702F1 /* Frameworks */,
				7BD150EF1BD7592D006702F1 /* Resources */,
			);
			buildRules = (
			);
			dependencies = (
				7BD150F31BD7592D006702F1 /* PBXTargetDependency */,
			);
			name = Pizza2Tests;
			productName = Pizza2Tests;
			productReference = 7BD150F11BD7592D006702F1 /* Pizza2Tests.xctest */;
			productType = "com.apple.product-type.bundle.unit-test";
		};
		7BD150FB1BD7592D006702F1 /* Pizza2UITests */ = {
			isa = PBXNativeTarget;
			buildConfigurationList = 7BD1510B1BD7592D006702F1 /* Build configuration list for PBXNativeTarget "Pizza2UITests" */;
			buildPhases = (
				7BD150F81BD7592D006702F1 /* Sources */,
				7BD150F91BD7592D006702F1 /* Frameworks */,
				7BD150FA1BD7592D006702F1 /* Resources */,
			);
			buildRules = (
			);
			dependencies = (
				7BD150FE1BD7592D006702F1 /* PBXTargetDependency */,
			);
			name = Pizza2UITests;
			productName = Pizza2UITests;
			productReference = 7BD150FC1BD7592D006702F1 /* Pizza2UITests.xctest */;
			productType = "com.apple.product-type.bundle.ui-testing";
		};
/* End PBXNativeTarget section */

/* Begin PBXProject section */
		7BD150D51BD7592D006702F1 /* Project object */ = {
			isa = PBXProject;
			attributes = {
				LastSwiftUpdateCheck = 0700;
				LastUpgradeCheck = 0700;
				ORGANIZATIONNAME = "Luke Heffner";
				TargetAttributes = {
					7BD150DC1BD7592D006702F1 = {
						CreatedOnToolsVersion = 7.0.1;
					};
					7BD150F01BD7592D006702F1 = {
						CreatedOnToolsVersion = 7.0.1;
						TestTargetID = 7BD150DC1BD7592D006702F1;
					};
					7BD150FB1BD7592D006702F1 = {
						CreatedOnToolsVersion = 7.0.1;
						TestTargetID = 7BD150DC1BD7592D006702F1;
					};
				};
			};
			buildConfigurationList = 7BD150D81BD7592D006702F1 /* Build configuration list for PBXProject "Pizza2" */;
			compatibilityVersion = "Xcode 3.2";
			developmentRegion = English;
			hasScannedForEncodings = 0;
			knownRegions = (
				en,
				Base,
			);
			mainGroup = 7BD150D41BD7592D006702F1;
			productRefGroup = 7BD150DE1BD7592D006702F1 /* Products */;
			projectDirPath = "";
			projectRoot = "";
			targets = (
				7BD150DC1BD7592D006702F1 /* Pizza2 */,
				7BD150F01BD7592D006702F1 /* Pizza2Tests */,
				7BD150FB1BD7592D006702F1 /* Pizza2UITests */,
			);
		};
/* End PBXProject section */

/* Begin PBXResourcesBuildPhase section */
		7BD150DB1BD7592D006702F1 /* Resources */ = {
			isa = PBXResourcesBuildPhase;
			buildActionMask = 2147483647;
			files = (
				7BD150EB1BD7592D006702F1 /* LaunchScreen.storyboard in Resources */,
				7BD150E81BD7592D006702F1 /* Assets.xcassets in Resources */,
				7BD150E61BD7592D006702F1 /* Main.storyboard in Resources */,
			);
			runOnlyForDeploymentPostprocessing = 0;
		};
		7BD150EF1BD7592D006702F1 /* Resources */ = {
			isa = PBXResourcesBuildPhase;
			buildActionMask = 2147483647;
			files = (
			);
			runOnlyForDeploymentPostprocessing = 0;
		};
		7BD150FA1BD7592D006702F1 /* Resources */ = {
			isa = PBXResourcesBuildPhase;
			buildActionMask = 2147483647;
			files = (
			);
			runOnlyForDeploymentPostprocessing = 0;
		};
/* End PBXResourcesBuildPhase section */

/* Begin PBXSourcesBuildPhase section */
		7BD150D91BD7592D006702F1 /* Sources */ = {
			isa = PBXSourcesBuildPhase;
			buildActionMask = 2147483647;
			files = (
				7BD150E31BD7592D006702F1 /* ViewController.swift in Sources */,
				7BD150E11BD7592D006702F1 /* AppDelegate.swift in Sources */,
				7BD151131BD761F6006702F1 /* BackTableVC.swift in Sources */,
				7BD151111BD75AD4006702F1 /* SWRevealViewController.m in Sources */,
			);
			runOnlyForDeploymentPostprocessing = 0;
		};
		7BD150ED1BD7592D006702F1 /* Sources */ = {
			isa = PBXSourcesBuildPhase;
			buildActionMask = 2147483647;
			files = (
				7BD150F61BD7592D006702F1 /* Pizza2Tests.swift in Sources */,
			);
			runOnlyForDeploymentPostprocessing = 0;
		};
		7BD150F81BD7592D006702F1 /* Sources */ = {
			isa = PBXSourcesBuildPhase;
			buildActionMask = 2147483647;
			files = (
				7BD151011BD7592D006702F1 /* Pizza2UITests.swift in Sources */,
			);
			runOnlyForDeploymentPostprocessing = 0;
		};
/* End PBXSourcesBuildPhase section */

/* Begin PBXTargetDependency section */
		7BD150F31BD7592D006702F1 /* PBXTargetDependency */ = {
			isa = PBXTargetDependency;
			target = 7BD150DC1BD7592D006702F1 /* Pizza2 */;
			targetProxy = 7BD150F21BD7592D006702F1 /* PBXContainerItemProxy */;
		};
		7BD150FE1BD7592D006702F1 /* PBXTargetDependency */ = {
			isa = PBXTargetDependency;
			target = 7BD150DC1BD7592D006702F1 /* Pizza2 */;
			targetProxy = 7BD150FD1BD7592D006702F1 /* PBXContainerItemProxy */;
		};
/* End PBXTargetDependency section */

/* Begin PBXVariantGroup section */
		7BD150E41BD7592D006702F1 /* Main.storyboard */ = {
			isa = PBXVariantGroup;
			children = (
				7BD150E51BD7592D006702F1 /* Base */,
			);
			name = Main.storyboard;
			sourceTree = "<group>";
		};
		7BD150E91BD7592D006702F1 /* LaunchScreen.storyboard */ = {
			isa = PBXVariantGroup;
			children = (
				7BD150EA1BD7592D006702F1 /* Base */,
			);
			name = LaunchScreen.storyboard;
			sourceTree = "<group>";
		};
/* End PBXVariantGroup section */

/* Begin XCBuildConfiguration section */
		7BD151031BD7592D006702F1 /* Debug */ = {
			isa = XCBuildConfiguration;
			buildSettings = {
				ALWAYS_SEARCH_USER_PATHS = NO;
				CLANG_CXX_LANGUAGE_STANDARD = "gnu++0x";
				CLANG_CXX_LIBRARY = "libc++";
				CLANG_ENABLE_MODULES = YES;
				CLANG_ENABLE_OBJC_ARC = YES;
				CLANG_WARN_BOOL_CONVERSION = YES;
				CLANG_WARN_CONSTANT_CONVERSION = YES;
				CLANG_WARN_DIRECT_OBJC_ISA_USAGE = YES_ERROR;
				CLANG_WARN_EMPTY_BODY = YES;
				CLANG_WARN_ENUM_CONVERSION = YES;
				CLANG_WARN_INT_CONVERSION = YES;
				CLANG_WARN_OBJC_ROOT_CLASS = YES_ERROR;
				CLANG_WARN_UNREACHABLE_CODE = YES;
				CLANG_WARN__DUPLICATE_METHOD_MATCH = YES;
				"CODE_SIGN_IDENTITY[sdk=iphoneos*]" = "iPhone Developer";
				COPY_PHASE_STRIP = NO;
				DEBUG_INFORMATION_FORMAT = dwarf;
				ENABLE_STRICT_OBJC_MSGSEND = YES;
				ENABLE_TESTABILITY = YES;
				GCC_C_LANGUAGE_STANDARD = gnu99;
				GCC_DYNAMIC_NO_PIC = NO;
				GCC_NO_COMMON_BLOCKS = YES;
				GCC_OPTIMIZATION_LEVEL = 0;
				GCC_PREPROCESSOR_DEFINITIONS = (
					"DEBUG=1",
					"$(inherited)",
				);
				GCC_WARN_64_TO_32_BIT_CONVERSION = YES;
				GCC_WARN_ABOUT_RETURN_TYPE = YES_ERROR;
				GCC_WARN_UNDECLARED_SELECTOR = YES;
				GCC_WARN_UNINITIALIZED_AUTOS = YES_AGGRESSIVE;
				GCC_WARN_UNUSED_FUNCTION = YES;
				GCC_WARN_UNUSED_VARIABLE = YES;
				IPHONEOS_DEPLOYMENT_TARGET = 9.0;
				MTL_ENABLE_DEBUG_INFO = YES;
				ONLY_ACTIVE_ARCH = YES;
				SDKROOT = iphoneos;
				SWIFT_OPTIMIZATION_LEVEL = "-Onone";
				TARGETED_DEVICE_FAMILY = "1,2";
			};
			name = Debug;
		};
		7BD151041BD7592D006702F1 /* Release */ = {
			isa = XCBuildConfiguration;
			buildSettings = {
				ALWAYS_SEARCH_USER_PATHS = NO;
				CLANG_CXX_LANGUAGE_STANDARD = "gnu++0x";
				CLANG_CXX_LIBRARY = "libc++";
				CLANG_ENABLE_MODULES = YES;
				CLANG_ENABLE_OBJC_ARC = YES;
				CLANG_WARN_BOOL_CONVERSION = YES;
				CLANG_WARN_CONSTANT_CONVERSION = YES;
				CLANG_WARN_DIRECT_OBJC_ISA_USAGE = YES_ERROR;
				CLANG_WARN_EMPTY_BODY = YES;
				CLANG_WARN_ENUM_CONVERSION = YES;
				CLANG_WARN_INT_CONVERSION = YES;
				CLANG_WARN_OBJC_ROOT_CLASS = YES_ERROR;
				CLANG_WARN_UNREACHABLE_CODE = YES;
				CLANG_WARN__DUPLICATE_METHOD_MATCH = YES;
				"CODE_SIGN_IDENTITY[sdk=iphoneos*]" = "iPhone Developer";
				COPY_PHASE_STRIP = NO;
				DEBUG_INFORMATION_FORMAT = "dwarf-with-dsym";
				ENABLE_NS_ASSERTIONS = NO;
				ENABLE_STRICT_OBJC_MSGSEND = YES;
				GCC_C_LANGUAGE_STANDARD = gnu99;
				GCC_NO_COMMON_BLOCKS = YES;
				GCC_WARN_64_TO_32_BIT_CONVERSION = YES;
				GCC_WARN_ABOUT_RETURN_TYPE = YES_ERROR;
				GCC_WARN_UNDECLARED_SELECTOR = YES;
				GCC_WARN_UNINITIALIZED_AUTOS = YES_AGGRESSIVE;
				GCC_WARN_UNUSED_FUNCTION = YES;
				GCC_WARN_UNUSED_VARIABLE = YES;
				IPHONEOS_DEPLOYMENT_TARGET = 9.0;
				MTL_ENABLE_DEBUG_INFO = NO;
				SDKROOT = iphoneos;
				TARGETED_DEVICE_FAMILY = "1,2";
				VALIDATE_PRODUCT = YES;
			};
			name = Release;
		};
		7BD151061BD7592D006702F1 /* Debug */ = {
			isa = XCBuildConfiguration;
			buildSettings = {
				ASSETCATALOG_COMPILER_APPICON_NAME = AppIcon;
				CLANG_ENABLE_MODULES = YES;
				INFOPLIST_FILE = Pizza2/Info.plist;
				LD_RUNPATH_SEARCH_PATHS = "$(inherited) @executable_path/Frameworks";
				PRODUCT_BUNDLE_IDENTIFIER = com.LM.Pizza2;
				PRODUCT_NAME = "$(TARGET_NAME)";
				SWIFT_OBJC_BRIDGING_HEADER = "Pizza2/Pizza2-Bridging-Header.h";
				SWIFT_OPTIMIZATION_LEVEL = "-Onone";
			};
			name = Debug;
		};
		7BD151071BD7592D006702F1 /* Release */ = {
			isa = XCBuildConfiguration;
			buildSettings = {
				ASSETCATALOG_COMPILER_APPICON_NAME = AppIcon;
				CLANG_ENABLE_MODULES = YES;
				INFOPLIST_FILE = Pizza2/Info.plist;
				LD_RUNPATH_SEARCH_PATHS = "$(inherited) @executable_path/Frameworks";
				PRODUCT_BUNDLE_IDENTIFIER = com.LM.Pizza2;
				PRODUCT_NAME = "$(TARGET_NAME)";
				SWIFT_OBJC_BRIDGING_HEADER = "Pizza2/Pizza2-Bridging-Header.h";
			};
			name = Release;
		};
		7BD151091BD7592D006702F1 /* Debug */ = {
			isa = XCBuildConfiguration;
			buildSettings = {
				BUNDLE_LOADER = "$(TEST_HOST)";
				INFOPLIST_FILE = Pizza2Tests/Info.plist;
				LD_RUNPATH_SEARCH_PATHS = "$(inherited) @executable_path/Frameworks @loader_path/Frameworks";
				PRODUCT_BUNDLE_IDENTIFIER = com.LM.Pizza2Tests;
				PRODUCT_NAME = "$(TARGET_NAME)";
				TEST_HOST = "$(BUILT_PRODUCTS_DIR)/Pizza2.app/Pizza2";
			};
			name = Debug;
		};
		7BD1510A1BD7592D006702F1 /* Release */ = {
			isa = XCBuildConfiguration;
			buildSettings = {
				BUNDLE_LOADER = "$(TEST_HOST)";
				INFOPLIST_FILE = Pizza2Tests/Info.plist;
				LD_RUNPATH_SEARCH_PATHS = "$(inherited) @executable_path/Frameworks @loader_path/Frameworks";
				PRODUCT_BUNDLE_IDENTIFIER = com.LM.Pizza2Tests;
				PRODUCT_NAME = "$(TARGET_NAME)";
				TEST_HOST = "$(BUILT_PRODUCTS_DIR)/Pizza2.app/Pizza2";
			};
			name = Release;
		};
		7BD1510C1BD7592D006702F1 /* Debug */ = {
			isa = XCBuildConfiguration;
			buildSettings = {
				INFOPLIST_FILE = Pizza2UITests/Info.plist;
				LD_RUNPATH_SEARCH_PATHS = "$(inherited) @executable_path/Frameworks @loader_path/Frameworks";
				PRODUCT_BUNDLE_IDENTIFIER = com.LM.Pizza2UITests;
				PRODUCT_NAME = "$(TARGET_NAME)";
				TEST_TARGET_NAME = Pizza2;
				USES_XCTRUNNER = YES;
			};
			name = Debug;
		};
		7BD1510D1BD7592D006702F1 /* Release */ = {
			isa = XCBuildConfiguration;
			buildSettings = {
				INFOPLIST_FILE = Pizza2UITests/Info.plist;
				LD_RUNPATH_SEARCH_PATHS = "$(inherited) @executable_path/Frameworks @loader_path/Frameworks";
				PRODUCT_BUNDLE_IDENTIFIER = com.LM.Pizza2UITests;
				PRODUCT_NAME = "$(TARGET_NAME)";
				TEST_TARGET_NAME = Pizza2;
				USES_XCTRUNNER = YES;
			};
			name = Release;
		};
/* End XCBuildConfiguration section */

/* Begin XCConfigurationList section */
		7BD150D81BD7592D006702F1 /* Build configuration list for PBXProject "Pizza2" */ = {
			isa = XCConfigurationList;
			buildConfigurations = (
				7BD151031BD7592D006702F1 /* Debug */,
				7BD151041BD7592D006702F1 /* Release */,
			);
			defaultConfigurationIsVisible = 0;
			defaultConfigurationName = Release;
		};
		7BD151051BD7592D006702F1 /* Build configuration list for PBXNativeTarget "Pizza2" */ = {
			isa = XCConfigurationList;
			buildConfigurations = (
				7BD151061BD7592D006702F1 /* Debug */,
				7BD151071BD7592D006702F1 /* Release */,
			);
			defaultConfigurationIsVisible = 0;
		};
		7BD151081BD7592D006702F1 /* Build configuration list for PBXNativeTarget "Pizza2Tests" */ = {
			isa = XCConfigurationList;
			buildConfigurations = (
				7BD151091BD7592D006702F1 /* Debug */,
				7BD1510A1BD7592D006702F1 /* Release */,
			);
			defaultConfigurationIsVisible = 0;
		};
		7BD1510B1BD7592D006702F1 /* Build configuration list for PBXNativeTarget "Pizza2UITests" */ = {
			isa = XCConfigurationList;
			buildConfigurations = (
				7BD1510C1BD7592D006702F1 /* Debug */,
				7BD1510D1BD7592D006702F1 /* Release */,
			);
			defaultConfigurationIsVisible = 0;
		};
/* End XCConfigurationList section */
	};
	rootObject = 7BD150D51BD7592D006702F1 /* Project object */;
}
